
Microsoft Visual Studio Solution File, Format Version 12.00
# Visual Studio Version 16
VisualStudioVersion = 16.0.31729.503
MinimumVisualStudioVersion = 10.0.40219.1
Project("{FAE04EC0-301F-11D3-BF4B-00C04F79EFBC}") = "Task1ac", "Task1\Task1ac.csproj", "{0A4CC652-BDDA-43F6-A23C-BCA9BE4F255F}"
EndProject
Project("{FAE04EC0-301F-11D3-BF4B-00C04F79EFBC}") = "Task1bc", "Task1bc\Task1bc.csproj", "{DC02D510-FFF2-4F0C-9ADF-ACD1EF18E880}"
EndProject
Global
	GlobalSection(SolutionConfigurationPlatforms) = preSolution
		Debug|Any CPU = Debug|Any CPU
		Release|Any CPU = Release|Any CPU
	EndGlobalSection
	GlobalSection(ProjectConfigurationPlatforms) = postSolution
		{0A4CC652-BDDA-43F6-A23C-BCA9BE4F255F}.Debug|Any CPU.ActiveCfg = Debug|Any CPU
		{0A4CC652-BDDA-43F6-A23C-BCA9BE4F255F}.Debug|Any CPU.Build.0 = Debug|Any CPU
		{0A4CC652-BDDA-43F6-A23C-BCA9BE4F255F}.Release|Any CPU.ActiveCfg = Release|Any CPU
		{0A4CC652-BDDA-43F6-A23C-BCA9BE4F255F}.Release|Any CPU.Build.0 = Release|Any CPU
		{DC02D510-FFF2-4F0C-9ADF-ACD1EF18E880}.Debug|Any CPU.ActiveCfg = Debug|Any CPU
		{DC02D510-FFF2-4F0C-9ADF-ACD1EF18E880}.Debug|Any CPU.Build.0 = Debug|Any CPU
		{DC02D510-FFF2-4F0C-9ADF-ACD1EF18E880}.Release|Any CPU.ActiveCfg = Release|Any CPU
		{DC02D510-FFF2-4F0C-9ADF-ACD1EF18E880}.Release|Any CPU.Build.0 = Release|Any CPU
	EndGlobalSection
	GlobalSection(SolutionProperties) = preSolution
		HideSolutionNode = FALSE
	EndGlobalSection
	GlobalSection(ExtensibilityGlobals) = postSolution
		SolutionGuid = {D9CFB20B-585F-49A7-8DCE-F429AC8A2540}
	EndGlobalSection
EndGlobal
