
Microsoft Visual Studio Solution File, Format Version 12.00
# Visual Studio Version 16
VisualStudioVersion = 16.0.31729.503
MinimumVisualStudioVersion = 10.0.40219.1
Project("{FAE04EC0-301F-11D3-BF4B-00C04F79EFBC}") = "Task1", "Task1\Task1.csproj", "{2422C0D1-E12E-4CFC-A1AF-FFDA654AEF42}"
EndProject
Project("{FAE04EC0-301F-11D3-BF4B-00C04F79EFBC}") = "Task2", "Task2\Task2.csproj", "{671A1242-C339-47BE-9E03-6B160E701847}"
EndProject
Project("{FAE04EC0-301F-11D3-BF4B-00C04F79EFBC}") = "Task3", "Task3\Task3.csproj", "{31486146-00D5-4B3F-9717-FA5A5B6BFD90}"
EndProject
Global
	GlobalSection(SolutionConfigurationPlatforms) = preSolution
		Debug|Any CPU = Debug|Any CPU
		Release|Any CPU = Release|Any CPU
	EndGlobalSection
	GlobalSection(ProjectConfigurationPlatforms) = postSolution
		{2422C0D1-E12E-4CFC-A1AF-FFDA654AEF42}.Debug|Any CPU.ActiveCfg = Debug|Any CPU
		{2422C0D1-E12E-4CFC-A1AF-FFDA654AEF42}.Debug|Any CPU.Build.0 = Debug|Any CPU
		{2422C0D1-E12E-4CFC-A1AF-FFDA654AEF42}.Release|Any CPU.ActiveCfg = Release|Any CPU
		{2422C0D1-E12E-4CFC-A1AF-FFDA654AEF42}.Release|Any CPU.Build.0 = Release|Any CPU
		{671A1242-C339-47BE-9E03-6B160E701847}.Debug|Any CPU.ActiveCfg = Debug|Any CPU
		{671A1242-C339-47BE-9E03-6B160E701847}.Debug|Any CPU.Build.0 = Debug|Any CPU
		{671A1242-C339-47BE-9E03-6B160E701847}.Release|Any CPU.ActiveCfg = Release|Any CPU
		{671A1242-C339-47BE-9E03-6B160E701847}.Release|Any CPU.Build.0 = Release|Any CPU
		{31486146-00D5-4B3F-9717-FA5A5B6BFD90}.Debug|Any CPU.ActiveCfg = Debug|Any CPU
		{31486146-00D5-4B3F-9717-FA5A5B6BFD90}.Debug|Any CPU.Build.0 = Debug|Any CPU
		{31486146-00D5-4B3F-9717-FA5A5B6BFD90}.Release|Any CPU.ActiveCfg = Release|Any CPU
		{31486146-00D5-4B3F-9717-FA5A5B6BFD90}.Release|Any CPU.Build.0 = Release|Any CPU
	EndGlobalSection
	GlobalSection(SolutionProperties) = preSolution
		HideSolutionNode = FALSE
	EndGlobalSection
	GlobalSection(ExtensibilityGlobals) = postSolution
		SolutionGuid = {7E978C74-21FC-43B6-A6BA-73D058E61634}
	EndGlobalSection
EndGlobal
